{
    "name": "my-node-app",
    "version": "1.0.0",
    "lockfileVersion": 1,
    "requires": true,
    "dependencies": {
      "express": {
        "version": "4.17.1",
        "resolved": "https://registry.npmjs.org/express/-/express-4.17.1.tgz",
        "integrity": "sha512-wavzXfONRWR5p4rFpMbD6D4c1Fp4Pnyb1g76fZ5Ibm9zzX47h3LQw0FGG+0CrI8y0DlJmvdIOB4a-6WXJ9z77CQ=="
      }
    }
  }
  